
Microsoft Visual Studio Solution File, Format Version 12.00
# Visual Studio Version 17
VisualStudioVersion = 17.4.33205.214
MinimumVisualStudioVersion = 10.0.40219.1
Project("{FAE04EC0-301F-11D3-BF4B-00C04F79EFBC}") = "Projeto_Hotel_Arrays", "Projeto_Hotel_Arrays.csproj", "{4D8939B0-BB24-45B5-AC2A-BC61C4F59FB7}"
EndProject
Global
	GlobalSection(SolutionConfigurationPlatforms) = preSolution
		Debug|Any CPU = Debug|Any CPU
		Release|Any CPU = Release|Any CPU
	EndGlobalSection
	GlobalSection(ProjectConfigurationPlatforms) = postSolution
		{4D8939B0-BB24-45B5-AC2A-BC61C4F59FB7}.Debug|Any CPU.ActiveCfg = Debug|Any CPU
		{4D8939B0-BB24-45B5-AC2A-BC61C4F59FB7}.Debug|Any CPU.Build.0 = Debug|Any CPU
		{4D8939B0-BB24-45B5-AC2A-BC61C4F59FB7}.Release|Any CPU.ActiveCfg = Release|Any CPU
		{4D8939B0-BB24-45B5-AC2A-BC61C4F59FB7}.Release|Any CPU.Build.0 = Release|Any CPU
	EndGlobalSection
	GlobalSection(SolutionProperties) = preSolution
		HideSolutionNode = FALSE
	EndGlobalSection
	GlobalSection(ExtensibilityGlobals) = postSolution
		SolutionGuid = {60EB2316-E926-4803-AA66-53E02D4FC47E}
	EndGlobalSection
EndGlobal
